// !$*UTF8*$!
{
	archiveVersion = 1;
	classes = {
	};
	objectVersion = 77;
	objects = {

/* Begin PBXBuildFile section */
		FE1C71C52FD9E5AC009C9EED /* TransmissionRPC in Frameworks */ = {isa = PBXBuildFile; productRef = FE1C71C32FD9E5AC009C9EED /* TransmissionRPC */; };
		FE1C71C62FD9E5AC009C9EED /* TransmissionCore in Frameworks */ = {isa = PBXBuildFile; productRef = FE1C71C42FD9E5AC009C9EED /* TransmissionCore */; };
/* End PBXBuildFile section */

/* Begin PBXContainerItemProxy section */
		FE1C719D2FD9E5AA009C9EED /* PBXContainerItemProxy */ = {
			isa = PBXContainerItemProxy;
			containerPortal = FE1C71852FD9E5A9009C9EED /* Project object */;
			proxyType = 1;
			remoteGlobalIDString = FE1C718C2FD9E5A9009C9EED;
			remoteInfo = TransmissionSwift;
		};
		FE1C71A72FD9E5AB009C9EED /* PBXContainerItemProxy */ = {
			isa = PBXContainerItemProxy;
			containerPortal = FE1C71852FD9E5A9009C9EED /* Project object */;
			proxyType = 1;
			remoteGlobalIDString = FE1C718C2FD9E5A9009C9EED;
			remoteInfo = TransmissionSwift;
		};
/* End PBXContainerItemProxy section */

/* Begin PBXFileReference section */
		FE1C718D2FD9E5A9009C9EED /* TransmissionSwift.app */ = {isa = PBXFileReference; explicitFileType = wrapper.application; includeInIndex = 0; path = TransmissionSwift.app; sourceTree = BUILT_PRODUCTS_DIR; };
		FE1C719C2FD9E5AA009C9EED /* TransmissionSwiftTests.xctest */ = {isa = PBXFileReference; explicitFileType = wrapper.cfbundle; includeInIndex = 0; path = TransmissionSwiftTests.xctest; sourceTree = BUILT_PRODUCTS_DIR; };
		FE1C71A62FD9E5AB009C9EED /* TransmissionSwiftUITests.xctest */ = {isa = PBXFileReference; explicitFileType = wrapper.cfbundle; includeInIndex = 0; path = TransmissionSwiftUITests.xctest; sourceTree = BUILT_PRODUCTS_DIR; };
/* End PBXFileReference section */

/* Begin PBXFileSystemSynchronizedBuildFileExceptionSet section */
		FE1C71C72FD9E5AC009C9EED /* Exceptions for "TransmissionSwift" folder in "TransmissionSwift" target */ = {
			isa = PBXFileSystemSynchronizedBuildFileExceptionSet;
			membershipExceptions = (
				Info.plist,
			);
			target = FE1C718C2FD9E5A9009C9EED /* TransmissionSwift */;
		};
/* End PBXFileSystemSynchronizedBuildFileExceptionSet section */

/* Begin PBXFileSystemSynchronizedRootGroup section */
		FE1C718F2FD9E5A9009C9EED /* TransmissionSwift */ = {
			isa = PBXFileSystemSynchronizedRootGroup;
			exceptions = (
				FE1C71C72FD9E5AC009C9EED /* Exceptions for "TransmissionSwift" folder in "TransmissionSwift" target */,
			);
			path = TransmissionSwift;
			sourceTree = "<group>";
		};
		FE1C719F2FD9E5AA009C9EED /* TransmissionSwiftTests */ = {
			isa = PBXFileSystemSynchronizedRootGroup;
			path = TransmissionSwiftTests;
			sourceTree = "<group>";
		};
		FE1C71A92FD9E5AB009C9EED /* TransmissionSwiftUITests */ = {
			isa = PBXFileSystemSynchronizedRootGroup;
			path = TransmissionSwiftUITests;
			sourceTree = "<group>";
		};
/* End PBXFileSystemSynchronizedRootGroup section */

/* Begin PBXFrameworksBuildPhase section */
		FE1C718A2FD9E5A9009C9EED /* Frameworks */ = {
			isa = PBXFrameworksBuildPhase;
			buildActionMask = 2147483647;
			files = (
				FE1C71C52FD9E5AC009C9EED /* TransmissionRPC in Frameworks */,
				FE1C71C62FD9E5AC009C9EED /* TransmissionCore in Frameworks */,
			);
			runOnlyForDeploymentPostprocessing = 0;
		};
		FE1C71992FD9E5AA009C9EED /* Frameworks */ = {
			isa = PBXFrameworksBuildPhase;
			buildActionMask = 2147483647;
			files = (
			);
			runOnlyForDeploymentPostprocessing = 0;
		};
		FE1C71A32FD9E5AA009C9EED /* Frameworks */ = {
			isa = PBXFrameworksBuildPhase;
			buildActionMask = 2147483647;
			files = (
			);
			runOnlyForDeploymentPostprocessing = 0;
		};
/* End PBXFrameworksBuildPhase section */

/* Begin PBXGroup section */
		FE1C71842FD9E5A9009C9EED = {
			isa = PBXGroup;
			children = (
				FE1C718F2FD9E5A9009C9EED /* TransmissionSwift */,
				FE1C719F2FD9E5AA009C9EED /* TransmissionSwiftTests */,
				FE1C71A92FD9E5AB009C9EED /* TransmissionSwiftUITests */,
				FE1C718E2FD9E5A9009C9EED /* Products */,
			);
			sourceTree = "<group>";
		};
		FE1C718E2FD9E5A9009C9EED /* Products */ = {
			isa = PBXGroup;
			children = (
				FE1C718D2FD9E5A9009C9EED /* TransmissionSwift.app */,
				FE1C719C2FD9E5AA009C9EED /* TransmissionSwiftTests.xctest */,
				FE1C71A62FD9E5AB009C9EED /* TransmissionSwiftUITests.xctest */,
			);
			name = Products;
			sourceTree = "<group>";
		};
/* End PBXGroup section */

/* Begin PBXNativeTarget section */
		FE1C718C2FD9E5A9009C9EED /* TransmissionSwift */ = {
			isa = PBXNativeTarget;
			buildConfigurationList = FE1C71B02FD9E5AB009C9EED /* Build configuration list for PBXNativeTarget "TransmissionSwift" */;
			buildPhases = (
				FE1C71892FD9E5A9009C9EED /* Sources */,
				FE1C718A2FD9E5A9009C9EED /* Frameworks */,
				FE1C718B2FD9E5A9009C9EED /* Resources */,
			);
			buildRules = (
			);
			dependencies = (
			);
			fileSystemSynchronizedGroups = (
				FE1C718F2FD9E5A9009C9EED /* TransmissionSwift */,
			);
			name = TransmissionSwift;
			packageProductDependencies = (
				FE1C71C32FD9E5AC009C9EED /* TransmissionRPC */,
				FE1C71C42FD9E5AC009C9EED /* TransmissionCore */,
			);
			productName = TransmissionSwift;
			productReference = FE1C718D2FD9E5A9009C9EED /* TransmissionSwift.app */;
			productType = "com.apple.product-type.application";
		};
		FE1C719B2FD9E5AA009C9EED /* TransmissionSwiftTests */ = {
			isa = PBXNativeTarget;
			buildConfigurationList = FE1C71B32FD9E5AB009C9EED /* Build configuration list for PBXNativeTarget "TransmissionSwiftTests" */;
			buildPhases = (
				FE1C71982FD9E5AA009C9EED /* Sources */,
				FE1C71992FD9E5AA009C9EED /* Frameworks */,
				FE1C719A2FD9E5AA009C9EED /* Resources */,
			);
			buildRules = (
			);
			dependencies = (
				FE1C719E2FD9E5AA009C9EED /* PBXTargetDependency */,
			);
			fileSystemSynchronizedGroups = (
				FE1C719F2FD9E5AA009C9EED /* TransmissionSwiftTests */,
			);
			name = TransmissionSwiftTests;
			packageProductDependencies = (
			);
			productName = TransmissionSwiftTests;
			productReference = FE1C719C2FD9E5AA009C9EED /* TransmissionSwiftTests.xctest */;
			productType = "com.apple.product-type.bundle.unit-test";
		};
		FE1C71A52FD9E5AA009C9EED /* TransmissionSwiftUITests */ = {
			isa = PBXNativeTarget;
			buildConfigurationList = FE1C71B62FD9E5AB009C9EED /* Build configuration list for PBXNativeTarget "TransmissionSwiftUITests" */;
			buildPhases = (
				FE1C71A22FD9E5AA009C9EED /* Sources */,
				FE1C71A32FD9E5AA009C9EED /* Frameworks */,
				FE1C71A42FD9E5AA009C9EED /* Resources */,
			);
			buildRules = (
			);
			dependencies = (
				FE1C71A82FD9E5AB009C9EED /* PBXTargetDependency */,
			);
			fileSystemSynchronizedGroups = (
				FE1C71A92FD9E5AB009C9EED /* TransmissionSwiftUITests */,
			);
			name = TransmissionSwiftUITests;
			packageProductDependencies = (
			);
			productName = TransmissionSwiftUITests;
			productReference = FE1C71A62FD9E5AB009C9EED /* TransmissionSwiftUITests.xctest */;
			productType = "com.apple.product-type.bundle.ui-testing";
		};
/* End PBXNativeTarget section */

/* Begin PBXProject section */
		FE1C71852FD9E5A9009C9EED /* Project object */ = {
			isa = PBXProject;
			attributes = {
				BuildIndependentTargetsInParallel = 1;
				LastSwiftUpdateCheck = 2650;
				LastUpgradeCheck = 2650;
				TargetAttributes = {
					FE1C718C2FD9E5A9009C9EED = {
						CreatedOnToolsVersion = 26.5;
					};
					FE1C719B2FD9E5AA009C9EED = {
						CreatedOnToolsVersion = 26.5;
						TestTargetID = FE1C718C2FD9E5A9009C9EED;
					};
					FE1C71A52FD9E5AA009C9EED = {
						CreatedOnToolsVersion = 26.5;
						TestTargetID = FE1C718C2FD9E5A9009C9EED;
					};
				};
			};
			buildConfigurationList = FE1C71882FD9E5A9009C9EED /* Build configuration list for PBXProject "TransmissionSwift" */;
			developmentRegion = en;
			hasScannedForEncodings = 0;
			knownRegions = (
				en,
				Base,
			);
			mainGroup = FE1C71842FD9E5A9009C9EED;
			minimizedProjectReferenceProxies = 1;
			packageReferences = (
				FE1C71C12FD9E5AC009C9EED /* XCLocalSwiftPackageReference "Packages/TransmissionRPC" */,
				FE1C71C22FD9E5AC009C9EED /* XCLocalSwiftPackageReference "Packages/TransmissionCore" */,
			);
			preferredProjectObjectVersion = 77;
			productRefGroup = FE1C718E2FD9E5A9009C9EED /* Products */;
			projectDirPath = "";
			projectRoot = "";
			targets = (
				FE1C718C2FD9E5A9009C9EED /* TransmissionSwift */,
				FE1C719B2FD9E5AA009C9EED /* TransmissionSwiftTests */,
				FE1C71A52FD9E5AA009C9EED /* TransmissionSwiftUITests */,
			);
		};
/* End PBXProject section */

/* Begin PBXResourcesBuildPhase section */
		FE1C718B2FD9E5A9009C9EED /* Resources */ = {
			isa = PBXResourcesBuildPhase;
			buildActionMask = 2147483647;
			files = (
			);
			runOnlyForDeploymentPostprocessing = 0;
		};
		FE1C719A2FD9E5AA009C9EED /* Resources */ = {
			isa = PBXResourcesBuildPhase;
			buildActionMask = 2147483647;
			files = (
			);
			runOnlyForDeploymentPostprocessing = 0;
		};
		FE1C71A42FD9E5AA009C9EED /* Resources */ = {
			isa = PBXResourcesBuildPhase;
			buildActionMask = 2147483647;
			files = (
			);
			runOnlyForDeploymentPostprocessing = 0;
		};
/* End PBXResourcesBuildPhase section */

/* Begin PBXSourcesBuildPhase section */
		FE1C71892FD9E5A9009C9EED /* Sources */ = {
			isa = PBXSourcesBuildPhase;
			buildActionMask = 2147483647;
			files = (
			);
			runOnlyForDeploymentPostprocessing = 0;
		};
		FE1C71982FD9E5AA009C9EED /* Sources */ = {
			isa = PBXSourcesBuildPhase;
			buildActionMask = 2147483647;
			files = (
			);
			runOnlyForDeploymentPostprocessing = 0;
		};
		FE1C71A22FD9E5AA009C9EED /* Sources */ = {
			isa = PBXSourcesBuildPhase;
			buildActionMask = 2147483647;
			files = (
			);
			runOnlyForDeploymentPostprocessing = 0;
		};
/* End PBXSourcesBuildPhase section */

/* Begin PBXTargetDependency section */
		FE1C719E2FD9E5AA009C9EED /* PBXTargetDependency */ = {
			isa = PBXTargetDependency;
			target = FE1C718C2FD9E5A9009C9EED /* TransmissionSwift */;
			targetProxy = FE1C719D2FD9E5AA009C9EED /* PBXContainerItemProxy */;
		};
		FE1C71A82FD9E5AB009C9EED /* PBXTargetDependency */ = {
			isa = PBXTargetDependency;
			target = FE1C718C2FD9E5A9009C9EED /* TransmissionSwift */;
			targetProxy = FE1C71A72FD9E5AB009C9EED /* PBXContainerItemProxy */;
		};
/* End PBXTargetDependency section */

/* Begin XCBuildConfiguration section */
		FE1C71AE2FD9E5AB009C9EED /* Debug */ = {
			isa = XCBuildConfiguration;
			buildSettings = {
				ALWAYS_SEARCH_USER_PATHS = NO;
				ASSETCATALOG_COMPILER_GENERATE_SWIFT_ASSET_SYMBOL_EXTENSIONS = YES;
				CLANG_ANALYZER_NONNULL = YES;
				CLANG_ANALYZER_NUMBER_OBJECT_CONVERSION = YES_AGGRESSIVE;
				CLANG_CXX_LANGUAGE_STANDARD = "gnu++20";
				CLANG_ENABLE_MODULES = YES;
				CLANG_ENABLE_OBJC_ARC = YES;
				CLANG_ENABLE_OBJC_WEAK = YES;
				CLANG_WARN_BLOCK_CAPTURE_AUTORELEASING = YES;
				CLANG_WARN_BOOL_CONVERSION = YES;
				CLANG_WARN_COMMA = YES;
				CLANG_WARN_CONSTANT_CONVERSION = YES;
				CLANG_WARN_DEPRECATED_OBJC_IMPLEMENTATIONS = YES;
				CLANG_WARN_DIRECT_OBJC_ISA_USAGE = YES_ERROR;
				CLANG_WARN_DOCUMENTATION_COMMENTS = YES;
				CLANG_WARN_EMPTY_BODY = YES;
				CLANG_WARN_ENUM_CONVERSION = YES;
				CLANG_WARN_INFINITE_RECURSION = YES;
				CLANG_WARN_INT_CONVERSION = YES;
				CLANG_WARN_NON_LITERAL_NULL_CONVERSION = YES;
				CLANG_WARN_OBJC_IMPLICIT_RETAIN_SELF = YES;
				CLANG_WARN_OBJC_LITERAL_CONVERSION = YES;
				CLANG_WARN_OBJC_ROOT_CLASS = YES_ERROR;
				CLANG_WARN_QUOTED_INCLUDE_IN_FRAMEWORK_HEADER = YES;
				CLANG_WARN_RANGE_LOOP_ANALYSIS = YES;
				CLANG_WARN_STRICT_PROTOTYPES = YES;
				CLANG_WARN_SUSPICIOUS_MOVE = YES;
				CLANG_WARN_UNGUARDED_AVAILABILITY = YES_AGGRESSIVE;
				CLANG_WARN_UNREACHABLE_CODE = YES;
				CLANG_WARN__DUPLICATE_METHOD_MATCH = YES;
				COPY_PHASE_STRIP = NO;
				DEBUG_INFORMATION_FORMAT = dwarf;
				ENABLE_STRICT_OBJC_MSGSEND = YES;
				ENABLE_TESTABILITY = YES;
				ENABLE_USER_SCRIPT_SANDBOXING = YES;
				GCC_C_LANGUAGE_STANDARD = gnu17;
				GCC_DYNAMIC_NO_PIC = NO;
				GCC_NO_COMMON_BLOCKS = YES;
				GCC_OPTIMIZATION_LEVEL = 0;
				GCC_PREPROCESSOR_DEFINITIONS = (
					"DEBUG=1",
					"$(inherited)",
				);
				GCC_WARN_64_TO_32_BIT_CONVERSION = YES;
				GCC_WARN_ABOUT_RETURN_TYPE = YES_ERROR;
				GCC_WARN_UNDECLARED_SELECTOR = YES;
				GCC_WARN_UNINITIALIZED_AUTOS = YES_AGGRESSIVE;
				GCC_WARN_UNUSED_FUNCTION = YES;
				GCC_WARN_UNUSED_VARIABLE = YES;
				LOCALIZATION_PREFERS_STRING_CATALOGS = YES;
				MACOSX_DEPLOYMENT_TARGET = 26.5;
				MTL_ENABLE_DEBUG_INFO = INCLUDE_SOURCE;
				MTL_FAST_MATH = YES;
				ONLY_ACTIVE_ARCH = YES;
				SDKROOT = macosx;
				SWIFT_ACTIVE_COMPILATION_CONDITIONS = "DEBUG $(inherited)";
				SWIFT_OPTIMIZATION_LEVEL = "-Onone";
			};
			name = Debug;
		};
		FE1C71AF2FD9E5AB009C9EED /* Release */ = {
			isa = XCBuildConfiguration;
			buildSettings = {
				ALWAYS_SEARCH_USER_PATHS = NO;
				ASSETCATALOG_COMPILER_GENERATE_SWIFT_ASSET_SYMBOL_EXTENSIONS = YES;
				CLANG_ANALYZER_NONNULL = YES;
				CLANG_ANALYZER_NUMBER_OBJECT_CONVERSION = YES_AGGRESSIVE;
				CLANG_CXX_LANGUAGE_STANDARD = "gnu++20";
				CLANG_ENABLE_MODULES = YES;
				CLANG_ENABLE_OBJC_ARC = YES;
				CLANG_ENABLE_OBJC_WEAK = YES;
				CLANG_WARN_BLOCK_CAPTURE_AUTORELEASING = YES;
				CLANG_WARN_BOOL_CONVERSION = YES;
				CLANG_WARN_COMMA = YES;
				CLANG_WARN_CONSTANT_CONVERSION = YES;
				CLANG_WARN_DEPRECATED_OBJC_IMPLEMENTATIONS = YES;
				CLANG_WARN_DIRECT_OBJC_ISA_USAGE = YES_ERROR;
				CLANG_WARN_DOCUMENTATION_COMMENTS = YES;
				CLANG_WARN_EMPTY_BODY = YES;
				CLANG_WARN_ENUM_CONVERSION = YES;
				CLANG_WARN_INFINITE_RECURSION = YES;
				CLANG_WARN_INT_CONVERSION = YES;
				CLANG_WARN_NON_LITERAL_NULL_CONVERSION = YES;
				CLANG_WARN_OBJC_IMPLICIT_RETAIN_SELF = YES;
				CLANG_WARN_OBJC_LITERAL_CONVERSION = YES;
				CLANG_WARN_OBJC_ROOT_CLASS = YES_ERROR;
				CLANG_WARN_QUOTED_INCLUDE_IN_FRAMEWORK_HEADER = YES;
				CLANG_WARN_RANGE_LOOP_ANALYSIS = YES;
				CLANG_WARN_STRICT_PROTOTYPES = YES;
				CLANG_WARN_SUSPICIOUS_MOVE = YES;
				CLANG_WARN_UNGUARDED_AVAILABILITY = YES_AGGRESSIVE;
				CLANG_WARN_UNREACHABLE_CODE = YES;
				CLANG_WARN__DUPLICATE_METHOD_MATCH = YES;
				COPY_PHASE_STRIP = NO;
				DEBUG_INFORMATION_FORMAT = "dwarf-with-dsym";
				ENABLE_NS_ASSERTIONS = NO;
				ENABLE_STRICT_OBJC_MSGSEND = YES;
				ENABLE_USER_SCRIPT_SANDBOXING = YES;
				GCC_C_LANGUAGE_STANDARD = gnu17;
				GCC_NO_COMMON_BLOCKS = YES;
				GCC_WARN_64_TO_32_BIT_CONVERSION = YES;
				GCC_WARN_ABOUT_RETURN_TYPE = YES_ERROR;
				GCC_WARN_UNDECLARED_SELECTOR = YES;
				GCC_WARN_UNINITIALIZED_AUTOS = YES_AGGRESSIVE;
				GCC_WARN_UNUSED_FUNCTION = YES;
				GCC_WARN_UNUSED_VARIABLE = YES;
				LOCALIZATION_PREFERS_STRING_CATALOGS = YES;
				MACOSX_DEPLOYMENT_TARGET = 26.5;
				MTL_ENABLE_DEBUG_INFO = NO;
				MTL_FAST_MATH = YES;
				SDKROOT = macosx;
				SWIFT_COMPILATION_MODE = wholemodule;
			};
			name = Release;
		};
		FE1C71B12FD9E5AB009C9EED /* Debug */ = {
			isa = XCBuildConfiguration;
			buildSettings = {
				ASSETCATALOG_COMPILER_APPICON_NAME = AppIcon;
				ASSETCATALOG_COMPILER_GLOBAL_ACCENT_COLOR_NAME = AccentColor;
				ASSETCATALOG_COMPILER_INCLUDE_ALL_APPICON_ASSETS = YES;
				CODE_SIGN_STYLE = Automatic;
				COMBINE_HIDPI_IMAGES = YES;
				CURRENT_PROJECT_VERSION = 1;
				ENABLE_APP_SANDBOX = YES;
				ENABLE_HARDENED_RUNTIME = YES;
				ENABLE_INCOMING_NETWORK_CONNECTIONS = NO;
				ENABLE_OUTGOING_NETWORK_CONNECTIONS = YES;
				ENABLE_PREVIEWS = YES;
				ENABLE_RESOURCE_ACCESS_AUDIO_INPUT = NO;
				ENABLE_RESOURCE_ACCESS_BLUETOOTH = NO;
				ENABLE_RESOURCE_ACCESS_CALENDARS = NO;
				ENABLE_RESOURCE_ACCESS_CAMERA = NO;
				ENABLE_RESOURCE_ACCESS_CONTACTS = NO;
				ENABLE_RESOURCE_ACCESS_LOCATION = NO;
				ENABLE_RESOURCE_ACCESS_PRINTING = NO;
				ENABLE_RESOURCE_ACCESS_USB = NO;
				ENABLE_USER_SELECTED_FILES = readonly;
				GENERATE_INFOPLIST_FILE = YES;
				INFOPLIST_FILE = TransmissionSwift/Info.plist;
				INFOPLIST_KEY_CFBundleDisplayName = TransmissionSwift;
				INFOPLIST_KEY_LSApplicationCategoryType = "public.app-category.utilities";
				INFOPLIST_KEY_NSHumanReadableCopyright = "";
				LD_RUNPATH_SEARCH_PATHS = (
					"$(inherited)",
					"@executable_path/../Frameworks",
				);
				MACOSX_DEPLOYMENT_TARGET = 26.0;
				MARKETING_VERSION = 0.1;
				PRODUCT_BUNDLE_IDENTIFIER = jvacek.TransmissionSwift;
				PRODUCT_NAME = "$(TARGET_NAME)";
				REGISTER_APP_GROUPS = YES;
				STRING_CATALOG_GENERATE_SYMBOLS = YES;
				SWIFT_APPROACHABLE_CONCURRENCY = YES;
				SWIFT_DEFAULT_ACTOR_ISOLATION = MainActor;
				SWIFT_EMIT_LOC_STRINGS = YES;
				SWIFT_UPCOMING_FEATURE_MEMBER_IMPORT_VISIBILITY = YES;
				SWIFT_VERSION = 5.0;
			};
			name = Debug;
		};
		FE1C71B22FD9E5AB009C9EED /* Release */ = {
			isa = XCBuildConfiguration;
			buildSettings = {
				ASSETCATALOG_COMPILER_APPICON_NAME = AppIcon;
				ASSETCATALOG_COMPILER_GLOBAL_ACCENT_COLOR_NAME = AccentColor;
				ASSETCATALOG_COMPILER_INCLUDE_ALL_APPICON_ASSETS = YES;
				CODE_SIGN_STYLE = Automatic;
				COMBINE_HIDPI_IMAGES = YES;
				CURRENT_PROJECT_VERSION = 1;
				DEVELOPMENT_TEAM = JK45236K44;
				ENABLE_APP_SANDBOX = YES;
				ENABLE_HARDENED_RUNTIME = YES;
				ENABLE_INCOMING_NETWORK_CONNECTIONS = NO;
				ENABLE_OUTGOING_NETWORK_CONNECTIONS = YES;
				ENABLE_PREVIEWS = YES;
				ENABLE_RESOURCE_ACCESS_AUDIO_INPUT = NO;
				ENABLE_RESOURCE_ACCESS_BLUETOOTH = NO;
				ENABLE_RESOURCE_ACCESS_CALENDARS = NO;
				ENABLE_RESOURCE_ACCESS_CAMERA = NO;
				ENABLE_RESOURCE_ACCESS_CONTACTS = NO;
				ENABLE_RESOURCE_ACCESS_LOCATION = NO;
				ENABLE_RESOURCE_ACCESS_PRINTING = NO;
				ENABLE_RESOURCE_ACCESS_USB = NO;
				ENABLE_USER_SELECTED_FILES = readonly;
				GENERATE_INFOPLIST_FILE = YES;
				INFOPLIST_FILE = TransmissionSwift/Info.plist;
				INFOPLIST_KEY_CFBundleDisplayName = TransmissionSwift;
				INFOPLIST_KEY_LSApplicationCategoryType = "public.app-category.utilities";
				INFOPLIST_KEY_NSHumanReadableCopyright = "";
				LD_RUNPATH_SEARCH_PATHS = (
					"$(inherited)",
					"@executable_path/../Frameworks",
				);
				MACOSX_DEPLOYMENT_TARGET = 26.0;
				MARKETING_VERSION = 0.1;
				PRODUCT_BUNDLE_IDENTIFIER = jvacek.TransmissionSwift;
				PRODUCT_NAME = "$(TARGET_NAME)";
				REGISTER_APP_GROUPS = YES;
				STRING_CATALOG_GENERATE_SYMBOLS = YES;
				SWIFT_APPROACHABLE_CONCURRENCY = YES;
				SWIFT_DEFAULT_ACTOR_ISOLATION = MainActor;
				SWIFT_EMIT_LOC_STRINGS = YES;
				SWIFT_UPCOMING_FEATURE_MEMBER_IMPORT_VISIBILITY = YES;
				SWIFT_VERSION = 5.0;
			};
			name = Release;
		};
		FE1C71B42FD9E5AB009C9EED /* Debug */ = {
			isa = XCBuildConfiguration;
			buildSettings = {
				BUNDLE_LOADER = "$(TEST_HOST)";
				CODE_SIGN_STYLE = Automatic;
				CURRENT_PROJECT_VERSION = 1;
				GENERATE_INFOPLIST_FILE = YES;
				MACOSX_DEPLOYMENT_TARGET = 26.0;
				MARKETING_VERSION = 1.0;
				PRODUCT_BUNDLE_IDENTIFIER = jvacek.TransmissionSwiftTests;
				PRODUCT_NAME = "$(TARGET_NAME)";
				STRING_CATALOG_GENERATE_SYMBOLS = NO;
				SWIFT_APPROACHABLE_CONCURRENCY = YES;
				SWIFT_EMIT_LOC_STRINGS = NO;
				SWIFT_UPCOMING_FEATURE_MEMBER_IMPORT_VISIBILITY = YES;
				SWIFT_VERSION = 5.0;
				TEST_HOST = "$(BUILT_PRODUCTS_DIR)/TransmissionSwift.app/$(BUNDLE_EXECUTABLE_FOLDER_PATH)/TransmissionSwift";
			};
			name = Debug;
		};
		FE1C71B52FD9E5AB009C9EED /* Release */ = {
			isa = XCBuildConfiguration;
			buildSettings = {
				BUNDLE_LOADER = "$(TEST_HOST)";
				CODE_SIGN_STYLE = Automatic;
				CURRENT_PROJECT_VERSION = 1;
				GENERATE_INFOPLIST_FILE = YES;
				MACOSX_DEPLOYMENT_TARGET = 26.0;
				MARKETING_VERSION = 1.0;
				PRODUCT_BUNDLE_IDENTIFIER = jvacek.TransmissionSwiftTests;
				PRODUCT_NAME = "$(TARGET_NAME)";
				STRING_CATALOG_GENERATE_SYMBOLS = NO;
				SWIFT_APPROACHABLE_CONCURRENCY = YES;
				SWIFT_EMIT_LOC_STRINGS = NO;
				SWIFT_UPCOMING_FEATURE_MEMBER_IMPORT_VISIBILITY = YES;
				SWIFT_VERSION = 5.0;
				TEST_HOST = "$(BUILT_PRODUCTS_DIR)/TransmissionSwift.app/$(BUNDLE_EXECUTABLE_FOLDER_PATH)/TransmissionSwift";
			};
			name = Release;
		};
		FE1C71B72FD9E5AB009C9EED /* Debug */ = {
			isa = XCBuildConfiguration;
			buildSettings = {
				CODE_SIGN_STYLE = Automatic;
				CURRENT_PROJECT_VERSION = 1;
				GENERATE_INFOPLIST_FILE = YES;
				MACOSX_DEPLOYMENT_TARGET = 26.0;
				MARKETING_VERSION = 1.0;
				PRODUCT_BUNDLE_IDENTIFIER = jvacek.TransmissionSwiftUITests;
				PRODUCT_NAME = "$(TARGET_NAME)";
				STRING_CATALOG_GENERATE_SYMBOLS = NO;
				SWIFT_APPROACHABLE_CONCURRENCY = YES;
				SWIFT_EMIT_LOC_STRINGS = NO;
				SWIFT_UPCOMING_FEATURE_MEMBER_IMPORT_VISIBILITY = YES;
				SWIFT_VERSION = 5.0;
				TEST_TARGET_NAME = TransmissionSwift;
			};
			name = Debug;
		};
		FE1C71B82FD9E5AB009C9EED /* Release */ = {
			isa = XCBuildConfiguration;
			buildSettings = {
				CODE_SIGN_STYLE = Automatic;
				CURRENT_PROJECT_VERSION = 1;
				GENERATE_INFOPLIST_FILE = YES;
				MACOSX_DEPLOYMENT_TARGET = 26.0;
				MARKETING_VERSION = 1.0;
				PRODUCT_BUNDLE_IDENTIFIER = jvacek.TransmissionSwiftUITests;
				PRODUCT_NAME = "$(TARGET_NAME)";
				STRING_CATALOG_GENERATE_SYMBOLS = NO;
				SWIFT_APPROACHABLE_CONCURRENCY = YES;
				SWIFT_EMIT_LOC_STRINGS = NO;
				SWIFT_UPCOMING_FEATURE_MEMBER_IMPORT_VISIBILITY = YES;
				SWIFT_VERSION = 5.0;
				TEST_TARGET_NAME = TransmissionSwift;
			};
			name = Release;
		};
/* End XCBuildConfiguration section */

/* Begin XCConfigurationList section */
		FE1C71882FD9E5A9009C9EED /* Build configuration list for PBXProject "TransmissionSwift" */ = {
			isa = XCConfigurationList;
			buildConfigurations = (
				FE1C71AE2FD9E5AB009C9EED /* Debug */,
				FE1C71AF2FD9E5AB009C9EED /* Release */,
			);
			defaultConfigurationIsVisible = 0;
			defaultConfigurationName = Release;
		};
		FE1C71B02FD9E5AB009C9EED /* Build configuration list for PBXNativeTarget "TransmissionSwift" */ = {
			isa = XCConfigurationList;
			buildConfigurations = (
				FE1C71B12FD9E5AB009C9EED /* Debug */,
				FE1C71B22FD9E5AB009C9EED /* Release */,
			);
			defaultConfigurationIsVisible = 0;
			defaultConfigurationName = Release;
		};
		FE1C71B32FD9E5AB009C9EED /* Build configuration list for PBXNativeTarget "TransmissionSwiftTests" */ = {
			isa = XCConfigurationList;
			buildConfigurations = (
				FE1C71B42FD9E5AB009C9EED /* Debug */,
				FE1C71B52FD9E5AB009C9EED /* Release */,
			);
			defaultConfigurationIsVisible = 0;
			defaultConfigurationName = Release;
		};
		FE1C71B62FD9E5AB009C9EED /* Build configuration list for PBXNativeTarget "TransmissionSwiftUITests" */ = {
			isa = XCConfigurationList;
			buildConfigurations = (
				FE1C71B72FD9E5AB009C9EED /* Debug */,
				FE1C71B82FD9E5AB009C9EED /* Release */,
			);
			defaultConfigurationIsVisible = 0;
			defaultConfigurationName = Release;
		};
/* End XCConfigurationList section */

/* Begin XCLocalSwiftPackageReference section */
		FE1C71C12FD9E5AC009C9EED /* XCLocalSwiftPackageReference "Packages/TransmissionRPC" */ = {
			isa = XCLocalSwiftPackageReference;
			relativePath = Packages/TransmissionRPC;
		};
		FE1C71C22FD9E5AC009C9EED /* XCLocalSwiftPackageReference "Packages/TransmissionCore" */ = {
			isa = XCLocalSwiftPackageReference;
			relativePath = Packages/TransmissionCore;
		};
/* End XCLocalSwiftPackageReference section */

/* Begin XCSwiftPackageProductDependency section */
		FE1C71C32FD9E5AC009C9EED /* TransmissionRPC */ = {
			isa = XCSwiftPackageProductDependency;
			productName = TransmissionRPC;
		};
		FE1C71C42FD9E5AC009C9EED /* TransmissionCore */ = {
			isa = XCSwiftPackageProductDependency;
			productName = TransmissionCore;
		};
/* End XCSwiftPackageProductDependency section */
	};
	rootObject = FE1C71852FD9E5A9009C9EED /* Project object */;
}
